// !$*UTF8*$!
{
	archiveVersion = 1;
	classes = {
	};
	objectVersion = 53;
	objects = {

/* Begin PBXBuildFile section */
		41053ABC277271C000DCD312 /* AppDelegate.swift in Sources */ = {isa = PBXBuildFile; fileRef = 41053ABB277271C000DCD312 /* AppDelegate.swift */; };
		41053ABE277271C000DCD312 /* SceneDelegate.swift in Sources */ = {isa = PBXBuildFile; fileRef = 41053ABD277271C000DCD312 /* SceneDelegate.swift */; };
		41053AC0277271C000DCD312 /* VenuesViewController.swift in Sources */ = {isa = PBXBuildFile; fileRef = 41053ABF277271C000DCD312 /* VenuesViewController.swift */; };
		41053AC3277271C000DCD312 /* Main.storyboard in Resources */ = {isa = PBXBuildFile; fileRef = 41053AC1277271C000DCD312 /* Main.storyboard */; };
		41053AC5277271C800DCD312 /* Assets.xcassets in Resources */ = {isa = PBXBuildFile; fileRef = 41053AC4277271C800DCD312 /* Assets.xcassets */; };
		41053AC8277271C800DCD312 /* LaunchScreen.storyboard in Resources */ = {isa = PBXBuildFile; fileRef = 41053AC6277271C800DCD312 /* LaunchScreen.storyboard */; };
		41053AD3277271C900DCD312 /* FoursquarePlacesTests.swift in Sources */ = {isa = PBXBuildFile; fileRef = 41053AD2277271C900DCD312 /* FoursquarePlacesTests.swift */; };
		41053ADD277271C900DCD312 /* FoursquarePlacesUITests.swift in Sources */ = {isa = PBXBuildFile; fileRef = 41053ADC277271C900DCD312 /* FoursquarePlacesUITests.swift */; };
		41053ADF277271C900DCD312 /* FoursquarePlacesUITestsLaunchTests.swift in Sources */ = {isa = PBXBuildFile; fileRef = 41053ADE277271C900DCD312 /* FoursquarePlacesUITestsLaunchTests.swift */; };
		41053AEE2772857B00DCD312 /* Venues.swift in Sources */ = {isa = PBXBuildFile; fileRef = 41053AED2772857B00DCD312 /* Venues.swift */; };
		41073A7227765D6000F2CFE6 /* FontManager.swift in Sources */ = {isa = PBXBuildFile; fileRef = 41073A7127765D6000F2CFE6 /* FontManager.swift */; };
		41073A7727765E4900F2CFE6 /* Roboto-Medium.ttf in Resources */ = {isa = PBXBuildFile; fileRef = 41073A7427765E4900F2CFE6 /* Roboto-Medium.ttf */; };
		41073A7827765E4900F2CFE6 /* Roboto-Bold.ttf in Resources */ = {isa = PBXBuildFile; fileRef = 41073A7527765E4900F2CFE6 /* Roboto-Bold.ttf */; };
		41073A7927765E4900F2CFE6 /* Roboto-Regular.ttf in Resources */ = {isa = PBXBuildFile; fileRef = 41073A7627765E4900F2CFE6 /* Roboto-Regular.ttf */; };
		41073A7C27765F5900F2CFE6 /* FPLabel.swift in Sources */ = {isa = PBXBuildFile; fileRef = 41073A7B27765F5900F2CFE6 /* FPLabel.swift */; };
		41073A7E2776688000F2CFE6 /* Colors.xcassets in Resources */ = {isa = PBXBuildFile; fileRef = 41073A7D2776688000F2CFE6 /* Colors.xcassets */; };
		41073A8127767AA800F2CFE6 /* LocationManager.swift in Sources */ = {isa = PBXBuildFile; fileRef = 41073A8027767AA800F2CFE6 /* LocationManager.swift */; };
		41410A9127739D1200593646 /* FoursquareRouter.swift in Sources */ = {isa = PBXBuildFile; fileRef = 41410A9027739D1200593646 /* FoursquareRouter.swift */; };
		41410A9327739D3300593646 /* HTTPMethod.swift in Sources */ = {isa = PBXBuildFile; fileRef = 41410A9227739D3300593646 /* HTTPMethod.swift */; };
		41410A9727739D8300593646 /* Config.swift in Sources */ = {isa = PBXBuildFile; fileRef = 41410A9627739D8300593646 /* Config.swift */; };
		41410A992773A51700593646 /* NetworkService.swift in Sources */ = {isa = PBXBuildFile; fileRef = 41410A982773A51700593646 /* NetworkService.swift */; };
		41410A9B2773A57500593646 /* NetworkError.swift in Sources */ = {isa = PBXBuildFile; fileRef = 41410A9A2773A57500593646 /* NetworkError.swift */; };
		41410AA12773A88600593646 /* VenuesService.swift in Sources */ = {isa = PBXBuildFile; fileRef = 41410AA02773A88500593646 /* VenuesService.swift */; };
		41410AA52773C5EE00593646 /* VenueTableViewCell.swift in Sources */ = {isa = PBXBuildFile; fileRef = 41410AA32773C5EE00593646 /* VenueTableViewCell.swift */; };
		41410AA62773C5EE00593646 /* VenueTableViewCell.xib in Resources */ = {isa = PBXBuildFile; fileRef = 41410AA42773C5EE00593646 /* VenueTableViewCell.xib */; };
		41410AA92773D3C000593646 /* VenueListViewModel.swift in Sources */ = {isa = PBXBuildFile; fileRef = 41410AA82773D3C000593646 /* VenueListViewModel.swift */; };
		41410AAB2773DC8200593646 /* VenueViewModel.swift in Sources */ = {isa = PBXBuildFile; fileRef = 41410AAA2773DC8100593646 /* VenueViewModel.swift */; };
		41410AAE2773E69100593646 /* StorageManager.swift in Sources */ = {isa = PBXBuildFile; fileRef = 41410AAD2773E69100593646 /* StorageManager.swift */; };
		41410AB12775263500593646 /* FoursquarePlaces.xcdatamodeld in Sources */ = {isa = PBXBuildFile; fileRef = 41410AAF2775263500593646 /* FoursquarePlaces.xcdatamodeld */; };
		416F48F72775EC9900BA2B4E /* StorageService.swift in Sources */ = {isa = PBXBuildFile; fileRef = 416F48F62775EC9900BA2B4E /* StorageService.swift */; };
/* End PBXBuildFile section */

/* Begin PBXContainerItemProxy section */
		41053ACF277271C900DCD312 /* PBXContainerItemProxy */ = {
			isa = PBXContainerItemProxy;
			containerPortal = 41053AB0277271C000DCD312 /* Project object */;
			proxyType = 1;
			remoteGlobalIDString = 41053AB7277271C000DCD312;
			remoteInfo = FoursquarePlaces;
		};
		41053AD9277271C900DCD312 /* PBXContainerItemProxy */ = {
			isa = PBXContainerItemProxy;
			containerPortal = 41053AB0277271C000DCD312 /* Project object */;
			proxyType = 1;
			remoteGlobalIDString = 41053AB7277271C000DCD312;
			remoteInfo = FoursquarePlaces;
		};
/* End PBXContainerItemProxy section */

/* Begin PBXFileReference section */
		41053AB8277271C000DCD312 /* FoursquarePlaces.app */ = {isa = PBXFileReference; explicitFileType = wrapper.application; includeInIndex = 0; path = FoursquarePlaces.app; sourceTree = BUILT_PRODUCTS_DIR; };
		41053ABB277271C000DCD312 /* AppDelegate.swift */ = {isa = PBXFileReference; lastKnownFileType = sourcecode.swift; path = AppDelegate.swift; sourceTree = "<group>"; };
		41053ABD277271C000DCD312 /* SceneDelegate.swift */ = {isa = PBXFileReference; lastKnownFileType = sourcecode.swift; path = SceneDelegate.swift; sourceTree = "<group>"; };
		41053ABF277271C000DCD312 /* VenuesViewController.swift */ = {isa = PBXFileReference; lastKnownFileType = sourcecode.swift; path = VenuesViewController.swift; sourceTree = "<group>"; };
		41053AC2277271C000DCD312 /* Base */ = {isa = PBXFileReference; lastKnownFileType = file.storyboard; name = Base; path = Base.lproj/Main.storyboard; sourceTree = "<group>"; };
		41053AC4277271C800DCD312 /* Assets.xcassets */ = {isa = PBXFileReference; lastKnownFileType = folder.assetcatalog; path = Assets.xcassets; sourceTree = "<group>"; };
		41053AC7277271C800DCD312 /* Base */ = {isa = PBXFileReference; lastKnownFileType = file.storyboard; name = Base; path = Base.lproj/LaunchScreen.storyboard; sourceTree = "<group>"; };
		41053AC9277271C800DCD312 /* Info.plist */ = {isa = PBXFileReference; lastKnownFileType = text.plist.xml; path = Info.plist; sourceTree = "<group>"; };
		41053ACE277271C900DCD312 /* FoursquarePlacesTests.xctest */ = {isa = PBXFileReference; explicitFileType = wrapper.cfbundle; includeInIndex = 0; path = FoursquarePlacesTests.xctest; sourceTree = BUILT_PRODUCTS_DIR; };
		41053AD2277271C900DCD312 /* FoursquarePlacesTests.swift */ = {isa = PBXFileReference; lastKnownFileType = sourcecode.swift; path = FoursquarePlacesTests.swift; sourceTree = "<group>"; };
		41053AD8277271C900DCD312 /* FoursquarePlacesUITests.xctest */ = {isa = PBXFileReference; explicitFileType = wrapper.cfbundle; includeInIndex = 0; path = FoursquarePlacesUITests.xctest; sourceTree = BUILT_PRODUCTS_DIR; };
		41053ADC277271C900DCD312 /* FoursquarePlacesUITests.swift */ = {isa = PBXFileReference; lastKnownFileType = sourcecode.swift; path = FoursquarePlacesUITests.swift; sourceTree = "<group>"; };
		41053ADE277271C900DCD312 /* FoursquarePlacesUITestsLaunchTests.swift */ = {isa = PBXFileReference; lastKnownFileType = sourcecode.swift; path = FoursquarePlacesUITestsLaunchTests.swift; sourceTree = "<group>"; };
		41053AED2772857B00DCD312 /* Venues.swift */ = {isa = PBXFileReference; lastKnownFileType = sourcecode.swift; path = Venues.swift; sourceTree = "<group>"; };
		41073A7127765D6000F2CFE6 /* FontManager.swift */ = {isa = PBXFileReference; lastKnownFileType = sourcecode.swift; path = FontManager.swift; sourceTree = "<group>"; };
		41073A7427765E4900F2CFE6 /* Roboto-Medium.ttf */ = {isa = PBXFileReference; lastKnownFileType = file; path = "Roboto-Medium.ttf"; sourceTree = "<group>"; };
		41073A7527765E4900F2CFE6 /* Roboto-Bold.ttf */ = {isa = PBXFileReference; lastKnownFileType = file; path = "Roboto-Bold.ttf"; sourceTree = "<group>"; };
		41073A7627765E4900F2CFE6 /* Roboto-Regular.ttf */ = {isa = PBXFileReference; lastKnownFileType = file; path = "Roboto-Regular.ttf"; sourceTree = "<group>"; };
		41073A7B27765F5900F2CFE6 /* FPLabel.swift */ = {isa = PBXFileReference; lastKnownFileType = sourcecode.swift; path = FPLabel.swift; sourceTree = "<group>"; };
		41073A7D2776688000F2CFE6 /* Colors.xcassets */ = {isa = PBXFileReference; lastKnownFileType = folder.assetcatalog; path = Colors.xcassets; sourceTree = "<group>"; };
		41073A8027767AA800F2CFE6 /* LocationManager.swift */ = {isa = PBXFileReference; lastKnownFileType = sourcecode.swift; path = LocationManager.swift; sourceTree = "<group>"; };
		41410A9027739D1200593646 /* FoursquareRouter.swift */ = {isa = PBXFileReference; lastKnownFileType = sourcecode.swift; path = FoursquareRouter.swift; sourceTree = "<group>"; };
		41410A9227739D3300593646 /* HTTPMethod.swift */ = {isa = PBXFileReference; lastKnownFileType = sourcecode.swift; path = HTTPMethod.swift; sourceTree = "<group>"; };
		41410A9627739D8300593646 /* Config.swift */ = {isa = PBXFileReference; lastKnownFileType = sourcecode.swift; path = Config.swift; sourceTree = "<group>"; };
		41410A982773A51700593646 /* NetworkService.swift */ = {isa = PBXFileReference; lastKnownFileType = sourcecode.swift; path = NetworkService.swift; sourceTree = "<group>"; };
		41410A9A2773A57500593646 /* NetworkError.swift */ = {isa = PBXFileReference; lastKnownFileType = sourcecode.swift; path = NetworkError.swift; sourceTree = "<group>"; };
		41410AA02773A88500593646 /* VenuesService.swift */ = {isa = PBXFileReference; lastKnownFileType = sourcecode.swift; path = VenuesService.swift; sourceTree = "<group>"; };
		41410AA32773C5EE00593646 /* VenueTableViewCell.swift */ = {isa = PBXFileReference; lastKnownFileType = sourcecode.swift; path = VenueTableViewCell.swift; sourceTree = "<group>"; };
		41410AA42773C5EE00593646 /* VenueTableViewCell.xib */ = {isa = PBXFileReference; lastKnownFileType = file.xib; path = VenueTableViewCell.xib; sourceTree = "<group>"; };
		41410AA82773D3C000593646 /* VenueListViewModel.swift */ = {isa = PBXFileReference; lastKnownFileType = sourcecode.swift; path = VenueListViewModel.swift; sourceTree = "<group>"; };
		41410AAA2773DC8100593646 /* VenueViewModel.swift */ = {isa = PBXFileReference; lastKnownFileType = sourcecode.swift; path = VenueViewModel.swift; sourceTree = "<group>"; };
		41410AAD2773E69100593646 /* StorageManager.swift */ = {isa = PBXFileReference; lastKnownFileType = sourcecode.swift; path = StorageManager.swift; sourceTree = "<group>"; };
		41410AB02775263500593646 /* FoursquarePlaces.xcdatamodel */ = {isa = PBXFileReference; lastKnownFileType = wrapper.xcdatamodel; path = FoursquarePlaces.xcdatamodel; sourceTree = "<group>"; };
		416F48F62775EC9900BA2B4E /* StorageService.swift */ = {isa = PBXFileReference; lastKnownFileType = sourcecode.swift; path = StorageService.swift; sourceTree = "<group>"; };
/* End PBXFileReference section */

/* Begin PBXFrameworksBuildPhase section */
		41053AB5277271C000DCD312 /* Frameworks */ = {
			isa = PBXFrameworksBuildPhase;
			buildActionMask = 2147483647;
			files = (
			);
			runOnlyForDeploymentPostprocessing = 0;
		};
		41053ACB277271C900DCD312 /* Frameworks */ = {
			isa = PBXFrameworksBuildPhase;
			buildActionMask = 2147483647;
			files = (
			);
			runOnlyForDeploymentPostprocessing = 0;
		};
		41053AD5277271C900DCD312 /* Frameworks */ = {
			isa = PBXFrameworksBuildPhase;
			buildActionMask = 2147483647;
			files = (
			);
			runOnlyForDeploymentPostprocessing = 0;
		};
/* End PBXFrameworksBuildPhase section */

/* Begin PBXGroup section */
		41053AAF277271C000DCD312 = {
			isa = PBXGroup;
			children = (
				41053ABA277271C000DCD312 /* FoursquarePlaces */,
				41053AD1277271C900DCD312 /* FoursquarePlacesTests */,
				41053ADB277271C900DCD312 /* FoursquarePlacesUITests */,
				41053AB9277271C000DCD312 /* Products */,
			);
			sourceTree = "<group>";
		};
		41053AB9277271C000DCD312 /* Products */ = {
			isa = PBXGroup;
			children = (
				41053AB8277271C000DCD312 /* FoursquarePlaces.app */,
				41053ACE277271C900DCD312 /* FoursquarePlacesTests.xctest */,
				41053AD8277271C900DCD312 /* FoursquarePlacesUITests.xctest */,
			);
			name = Products;
			sourceTree = "<group>";
		};
		41053ABA277271C000DCD312 /* FoursquarePlaces */ = {
			isa = PBXGroup;
			children = (
				41073A7327765E3600F2CFE6 /* Supporting files */,
				416F48F82775F55B00BA2B4E /* Library */,
				41410A9C2773A83200593646 /* Scenes */,
				41410A8E27739CE500593646 /* Services */,
				41053AEC2772827300DCD312 /* Models */,
				41053ABB277271C000DCD312 /* AppDelegate.swift */,
				41053ABD277271C000DCD312 /* SceneDelegate.swift */,
				41053AC1277271C000DCD312 /* Main.storyboard */,
				41053AC4277271C800DCD312 /* Assets.xcassets */,
				41073A7D2776688000F2CFE6 /* Colors.xcassets */,
				41053AC6277271C800DCD312 /* LaunchScreen.storyboard */,
				41053AC9277271C800DCD312 /* Info.plist */,
				41410AAF2775263500593646 /* FoursquarePlaces.xcdatamodeld */,
			);
			path = FoursquarePlaces;
			sourceTree = "<group>";
		};
		41053AD1277271C900DCD312 /* FoursquarePlacesTests */ = {
			isa = PBXGroup;
			children = (
				41053AD2277271C900DCD312 /* FoursquarePlacesTests.swift */,
			);
			path = FoursquarePlacesTests;
			sourceTree = "<group>";
		};
		41053ADB277271C900DCD312 /* FoursquarePlacesUITests */ = {
			isa = PBXGroup;
			children = (
				41053ADC277271C900DCD312 /* FoursquarePlacesUITests.swift */,
				41053ADE277271C900DCD312 /* FoursquarePlacesUITestsLaunchTests.swift */,
			);
			path = FoursquarePlacesUITests;
			sourceTree = "<group>";
		};
		41053AEC2772827300DCD312 /* Models */ = {
			isa = PBXGroup;
			children = (
				41053AED2772857B00DCD312 /* Venues.swift */,
			);
			path = Models;
			sourceTree = "<group>";
		};
		41073A7327765E3600F2CFE6 /* Supporting files */ = {
			isa = PBXGroup;
			children = (
				41073A7527765E4900F2CFE6 /* Roboto-Bold.ttf */,
				41073A7427765E4900F2CFE6 /* Roboto-Medium.ttf */,
				41073A7627765E4900F2CFE6 /* Roboto-Regular.ttf */,
			);
			path = "Supporting files";
			sourceTree = "<group>";
		};
		41073A7A27765EE500F2CFE6 /* Styling */ = {
			isa = PBXGroup;
			children = (
				41073A7127765D6000F2CFE6 /* FontManager.swift */,
				41073A7B27765F5900F2CFE6 /* FPLabel.swift */,
			);
			path = Styling;
			sourceTree = "<group>";
		};
		41073A7F27767A9600F2CFE6 /* Location */ = {
			isa = PBXGroup;
			children = (
				41073A8027767AA800F2CFE6 /* LocationManager.swift */,
			);
			path = Location;
			sourceTree = "<group>";
		};
		41410A8E27739CE500593646 /* Services */ = {
			isa = PBXGroup;
			children = (
				41073A7F27767A9600F2CFE6 /* Location */,
				41410AAC2773E67A00593646 /* Storage */,
				41410A8F27739CF200593646 /* Networking */,
			);
			path = Services;
			sourceTree = "<group>";
		};
		41410A8F27739CF200593646 /* Networking */ = {
			isa = PBXGroup;
			children = (
				41410A9627739D8300593646 /* Config.swift */,
				41410A9027739D1200593646 /* FoursquareRouter.swift */,
				41410A9227739D3300593646 /* HTTPMethod.swift */,
				41410A982773A51700593646 /* NetworkService.swift */,
				41410A9A2773A57500593646 /* NetworkError.swift */,
			);
			path = Networking;
			sourceTree = "<group>";
		};
		41410A9C2773A83200593646 /* Scenes */ = {
			isa = PBXGroup;
			children = (
				41410A9D2773A84100593646 /* Places */,
			);
			path = Scenes;
			sourceTree = "<group>";
		};
		41410A9D2773A84100593646 /* Places */ = {
			isa = PBXGroup;
			children = (
				41410A9F2773A85A00593646 /* Service */,
				41410A9E2773A84C00593646 /* View */,
				41410AA72773D3A300593646 /* View Model */,
			);
			path = Places;
			sourceTree = "<group>";
		};
		41410A9E2773A84C00593646 /* View */ = {
			isa = PBXGroup;
			children = (
				41410AA22773C5CC00593646 /* Cell */,
				41053ABF277271C000DCD312 /* VenuesViewController.swift */,
			);
			path = View;
			sourceTree = "<group>";
		};
		41410A9F2773A85A00593646 /* Service */ = {
			isa = PBXGroup;
			children = (
				41410AA02773A88500593646 /* VenuesService.swift */,
			);
			path = Service;
			sourceTree = "<group>";
		};
		41410AA22773C5CC00593646 /* Cell */ = {
			isa = PBXGroup;
			children = (
				41410AA32773C5EE00593646 /* VenueTableViewCell.swift */,
				41410AA42773C5EE00593646 /* VenueTableViewCell.xib */,
			);
			path = Cell;
			sourceTree = "<group>";
		};
		41410AA72773D3A300593646 /* View Model */ = {
			isa = PBXGroup;
			children = (
				41410AA82773D3C000593646 /* VenueListViewModel.swift */,
				41410AAA2773DC8100593646 /* VenueViewModel.swift */,
			);
			path = "View Model";
			sourceTree = "<group>";
		};
		41410AAC2773E67A00593646 /* Storage */ = {
			isa = PBXGroup;
			children = (
				41410AAD2773E69100593646 /* StorageManager.swift */,
				416F48F62775EC9900BA2B4E /* StorageService.swift */,
			);
			path = Storage;
			sourceTree = "<group>";
		};
		416F48F82775F55B00BA2B4E /* Library */ = {
			isa = PBXGroup;
			children = (
				41073A7A27765EE500F2CFE6 /* Styling */,
				416F48F92775F56200BA2B4E /* Extensions */,
			);
			path = Library;
			sourceTree = "<group>";
		};
		416F48F92775F56200BA2B4E /* Extensions */ = {
			isa = PBXGroup;
			children = (
			);
			path = Extensions;
			sourceTree = "<group>";
		};
/* End PBXGroup section */

/* Begin PBXNativeTarget section */
		41053AB7277271C000DCD312 /* FoursquarePlaces */ = {
			isa = PBXNativeTarget;
			buildConfigurationList = 41053AE2277271C900DCD312 /* Build configuration list for PBXNativeTarget "FoursquarePlaces" */;
			buildPhases = (
				41053AB4277271C000DCD312 /* Sources */,
				41053AB5277271C000DCD312 /* Frameworks */,
				41053AB6277271C000DCD312 /* Resources */,
				41053AEB2772755F00DCD312 /* SwiftLint */,
			);
			buildRules = (
			);
			dependencies = (
			);
			name = FoursquarePlaces;
			productName = FoursquarePlaces;
			productReference = 41053AB8277271C000DCD312 /* FoursquarePlaces.app */;
			productType = "com.apple.product-type.application";
		};
		41053ACD277271C900DCD312 /* FoursquarePlacesTests */ = {
			isa = PBXNativeTarget;
			buildConfigurationList = 41053AE5277271C900DCD312 /* Build configuration list for PBXNativeTarget "FoursquarePlacesTests" */;
			buildPhases = (
				41053ACA277271C900DCD312 /* Sources */,
				41053ACB277271C900DCD312 /* Frameworks */,
				41053ACC277271C900DCD312 /* Resources */,
			);
			buildRules = (
			);
			dependencies = (
				41053AD0277271C900DCD312 /* PBXTargetDependency */,
			);
			name = FoursquarePlacesTests;
			productName = FoursquarePlacesTests;
			productReference = 41053ACE277271C900DCD312 /* FoursquarePlacesTests.xctest */;
			productType = "com.apple.product-type.bundle.unit-test";
		};
		41053AD7277271C900DCD312 /* FoursquarePlacesUITests */ = {
			isa = PBXNativeTarget;
			buildConfigurationList = 41053AE8277271C900DCD312 /* Build configuration list for PBXNativeTarget "FoursquarePlacesUITests" */;
			buildPhases = (
				41053AD4277271C900DCD312 /* Sources */,
				41053AD5277271C900DCD312 /* Frameworks */,
				41053AD6277271C900DCD312 /* Resources */,
			);
			buildRules = (
			);
			dependencies = (
				41053ADA277271C900DCD312 /* PBXTargetDependency */,
			);
			name = FoursquarePlacesUITests;
			productName = FoursquarePlacesUITests;
			productReference = 41053AD8277271C900DCD312 /* FoursquarePlacesUITests.xctest */;
			productType = "com.apple.product-type.bundle.ui-testing";
		};
/* End PBXNativeTarget section */

/* Begin PBXProject section */
		41053AB0277271C000DCD312 /* Project object */ = {
			isa = PBXProject;
			attributes = {
				BuildIndependentTargetsInParallel = 1;
				LastSwiftUpdateCheck = 1310;
				LastUpgradeCheck = 1310;
				TargetAttributes = {
					41053AB7277271C000DCD312 = {
						CreatedOnToolsVersion = 13.1;
					};
					41053ACD277271C900DCD312 = {
						CreatedOnToolsVersion = 13.1;
						TestTargetID = 41053AB7277271C000DCD312;
					};
					41053AD7277271C900DCD312 = {
						CreatedOnToolsVersion = 13.1;
						TestTargetID = 41053AB7277271C000DCD312;
					};
				};
			};
			buildConfigurationList = 41053AB3277271C000DCD312 /* Build configuration list for PBXProject "FoursquarePlaces" */;
			compatibilityVersion = "Xcode 10.0";
			developmentRegion = en;
			hasScannedForEncodings = 0;
			knownRegions = (
				en,
				Base,
			);
			mainGroup = 41053AAF277271C000DCD312;
			productRefGroup = 41053AB9277271C000DCD312 /* Products */;
			projectDirPath = "";
			projectRoot = "";
			targets = (
				41053AB7277271C000DCD312 /* FoursquarePlaces */,
				41053ACD277271C900DCD312 /* FoursquarePlacesTests */,
				41053AD7277271C900DCD312 /* FoursquarePlacesUITests */,
			);
		};
/* End PBXProject section */

/* Begin PBXResourcesBuildPhase section */
		41053AB6277271C000DCD312 /* Resources */ = {
			isa = PBXResourcesBuildPhase;
			buildActionMask = 2147483647;
			files = (
				41073A7727765E4900F2CFE6 /* Roboto-Medium.ttf in Resources */,
				41073A7927765E4900F2CFE6 /* Roboto-Regular.ttf in Resources */,
				41053AC8277271C800DCD312 /* LaunchScreen.storyboard in Resources */,
				41073A7827765E4900F2CFE6 /* Roboto-Bold.ttf in Resources */,
				41410AA62773C5EE00593646 /* VenueTableViewCell.xib in Resources */,
				41073A7E2776688000F2CFE6 /* Colors.xcassets in Resources */,
				41053AC5277271C800DCD312 /* Assets.xcassets in Resources */,
				41053AC3277271C000DCD312 /* Main.storyboard in Resources */,
			);
			runOnlyForDeploymentPostprocessing = 0;
		};
		41053ACC277271C900DCD312 /* Resources */ = {
			isa = PBXResourcesBuildPhase;
			buildActionMask = 2147483647;
			files = (
			);
			runOnlyForDeploymentPostprocessing = 0;
		};
		41053AD6277271C900DCD312 /* Resources */ = {
			isa = PBXResourcesBuildPhase;
			buildActionMask = 2147483647;
			files = (
			);
			runOnlyForDeploymentPostprocessing = 0;
		};
/* End PBXResourcesBuildPhase section */

/* Begin PBXShellScriptBuildPhase section */
		41053AEB2772755F00DCD312 /* SwiftLint */ = {
			isa = PBXShellScriptBuildPhase;
			buildActionMask = 2147483647;
			files = (
			);
			inputFileListPaths = (
			);
			inputPaths = (
			);
			name = SwiftLint;
			outputFileListPaths = (
			);
			outputPaths = (
			);
			runOnlyForDeploymentPostprocessing = 0;
			shellPath = /bin/sh;
			shellScript = "if which swiftlint >/dev/null; then\n  swiftlint\nelse\n  echo \"warning: SwiftLint not installed, download from https://github.com/realm/SwiftLint\"\nfi\n";
		};
/* End PBXShellScriptBuildPhase section */

/* Begin PBXSourcesBuildPhase section */
		41053AB4277271C000DCD312 /* Sources */ = {
			isa = PBXSourcesBuildPhase;
			buildActionMask = 2147483647;
			files = (
				41410A9127739D1200593646 /* FoursquareRouter.swift in Sources */,
				41073A7227765D6000F2CFE6 /* FontManager.swift in Sources */,
				41410AAB2773DC8200593646 /* VenueViewModel.swift in Sources */,
				41410AA12773A88600593646 /* VenuesService.swift in Sources */,
				41053AEE2772857B00DCD312 /* Venues.swift in Sources */,
				41410A992773A51700593646 /* NetworkService.swift in Sources */,
				416F48F72775EC9900BA2B4E /* StorageService.swift in Sources */,
				41410A9327739D3300593646 /* HTTPMethod.swift in Sources */,
				41053AC0277271C000DCD312 /* VenuesViewController.swift in Sources */,
				41053ABC277271C000DCD312 /* AppDelegate.swift in Sources */,
				41410A9B2773A57500593646 /* NetworkError.swift in Sources */,
				41410AB12775263500593646 /* FoursquarePlaces.xcdatamodeld in Sources */,
				41410A9727739D8300593646 /* Config.swift in Sources */,
				41053ABE277271C000DCD312 /* SceneDelegate.swift in Sources */,
				41410AA92773D3C000593646 /* VenueListViewModel.swift in Sources */,
				41410AA52773C5EE00593646 /* VenueTableViewCell.swift in Sources */,
				41073A7C27765F5900F2CFE6 /* FPLabel.swift in Sources */,
				41073A8127767AA800F2CFE6 /* LocationManager.swift in Sources */,
				41410AAE2773E69100593646 /* StorageManager.swift in Sources */,
			);
			runOnlyForDeploymentPostprocessing = 0;
		};
		41053ACA277271C900DCD312 /* Sources */ = {
			isa = PBXSourcesBuildPhase;
			buildActionMask = 2147483647;
			files = (
				41053AD3277271C900DCD312 /* FoursquarePlacesTests.swift in Sources */,
			);
			runOnlyForDeploymentPostprocessing = 0;
		};
		41053AD4277271C900DCD312 /* Sources */ = {
			isa = PBXSourcesBuildPhase;
			buildActionMask = 2147483647;
			files = (
				41053ADD277271C900DCD312 /* FoursquarePlacesUITests.swift in Sources */,
				41053ADF277271C900DCD312 /* FoursquarePlacesUITestsLaunchTests.swift in Sources */,
			);
			runOnlyForDeploymentPostprocessing = 0;
		};
/* End PBXSourcesBuildPhase section */

/* Begin PBXTargetDependency section */
		41053AD0277271C900DCD312 /* PBXTargetDependency */ = {
			isa = PBXTargetDependency;
			target = 41053AB7277271C000DCD312 /* FoursquarePlaces */;
			targetProxy = 41053ACF277271C900DCD312 /* PBXContainerItemProxy */;
		};
		41053ADA277271C900DCD312 /* PBXTargetDependency */ = {
			isa = PBXTargetDependency;
			target = 41053AB7277271C000DCD312 /* FoursquarePlaces */;
			targetProxy = 41053AD9277271C900DCD312 /* PBXContainerItemProxy */;
		};
/* End PBXTargetDependency section */

/* Begin PBXVariantGroup section */
		41053AC1277271C000DCD312 /* Main.storyboard */ = {
			isa = PBXVariantGroup;
			children = (
				41053AC2277271C000DCD312 /* Base */,
			);
			name = Main.storyboard;
			sourceTree = "<group>";
		};
		41053AC6277271C800DCD312 /* LaunchScreen.storyboard */ = {
			isa = PBXVariantGroup;
			children = (
				41053AC7277271C800DCD312 /* Base */,
			);
			name = LaunchScreen.storyboard;
			sourceTree = "<group>";
		};
/* End PBXVariantGroup section */

/* Begin XCBuildConfiguration section */
		41053AE0277271C900DCD312 /* Debug */ = {
			isa = XCBuildConfiguration;
			buildSettings = {
				ALWAYS_SEARCH_USER_PATHS = NO;
				CLANG_ANALYZER_NONNULL = YES;
				CLANG_ANALYZER_NUMBER_OBJECT_CONVERSION = YES_AGGRESSIVE;
				CLANG_CXX_LANGUAGE_STANDARD = "gnu++17";
				CLANG_CXX_LIBRARY = "libc++";
				CLANG_ENABLE_MODULES = YES;
				CLANG_ENABLE_OBJC_ARC = YES;
				CLANG_ENABLE_OBJC_WEAK = YES;
				CLANG_WARN_BLOCK_CAPTURE_AUTORELEASING = YES;
				CLANG_WARN_BOOL_CONVERSION = YES;
				CLANG_WARN_COMMA = YES;
				CLANG_WARN_CONSTANT_CONVERSION = YES;
				CLANG_WARN_DEPRECATED_OBJC_IMPLEMENTATIONS = YES;
				CLANG_WARN_DIRECT_OBJC_ISA_USAGE = YES_ERROR;
				CLANG_WARN_DOCUMENTATION_COMMENTS = YES;
				CLANG_WARN_EMPTY_BODY = YES;
				CLANG_WARN_ENUM_CONVERSION = YES;
				CLANG_WARN_INFINITE_RECURSION = YES;
				CLANG_WARN_INT_CONVERSION = YES;
				CLANG_WARN_NON_LITERAL_NULL_CONVERSION = YES;
				CLANG_WARN_OBJC_IMPLICIT_RETAIN_SELF = YES;
				CLANG_WARN_OBJC_LITERAL_CONVERSION = YES;
				CLANG_WARN_OBJC_ROOT_CLASS = YES_ERROR;
				CLANG_WARN_QUOTED_INCLUDE_IN_FRAMEWORK_HEADER = YES;
				CLANG_WARN_RANGE_LOOP_ANALYSIS = YES;
				CLANG_WARN_STRICT_PROTOTYPES = YES;
				CLANG_WARN_SUSPICIOUS_MOVE = YES;
				CLANG_WARN_UNGUARDED_AVAILABILITY = YES_AGGRESSIVE;
				CLANG_WARN_UNREACHABLE_CODE = YES;
				CLANG_WARN__DUPLICATE_METHOD_MATCH = YES;
				COPY_PHASE_STRIP = NO;
				DEBUG_INFORMATION_FORMAT = dwarf;
				ENABLE_STRICT_OBJC_MSGSEND = YES;
				ENABLE_TESTABILITY = YES;
				GCC_C_LANGUAGE_STANDARD = gnu11;
				GCC_DYNAMIC_NO_PIC = NO;
				GCC_NO_COMMON_BLOCKS = YES;
				GCC_OPTIMIZATION_LEVEL = 0;
				GCC_PREPROCESSOR_DEFINITIONS = (
					"DEBUG=1",
					"$(inherited)",
				);
				GCC_WARN_64_TO_32_BIT_CONVERSION = YES;
				GCC_WARN_ABOUT_RETURN_TYPE = YES_ERROR;
				GCC_WARN_UNDECLARED_SELECTOR = YES;
				GCC_WARN_UNINITIALIZED_AUTOS = YES_AGGRESSIVE;
				GCC_WARN_UNUSED_FUNCTION = YES;
				GCC_WARN_UNUSED_VARIABLE = YES;
				IPHONEOS_DEPLOYMENT_TARGET = 15.0;
				MTL_ENABLE_DEBUG_INFO = INCLUDE_SOURCE;
				MTL_FAST_MATH = YES;
				ONLY_ACTIVE_ARCH = YES;
				SDKROOT = iphoneos;
				SWIFT_ACTIVE_COMPILATION_CONDITIONS = DEBUG;
				SWIFT_OPTIMIZATION_LEVEL = "-Onone";
			};
			name = Debug;
		};
		41053AE1277271C900DCD312 /* Release */ = {
			isa = XCBuildConfiguration;
			buildSettings = {
				ALWAYS_SEARCH_USER_PATHS = NO;
				CLANG_ANALYZER_NONNULL = YES;
				CLANG_ANALYZER_NUMBER_OBJECT_CONVERSION = YES_AGGRESSIVE;
				CLANG_CXX_LANGUAGE_STANDARD = "gnu++17";
				CLANG_CXX_LIBRARY = "libc++";
				CLANG_ENABLE_MODULES = YES;
				CLANG_ENABLE_OBJC_ARC = YES;
				CLANG_ENABLE_OBJC_WEAK = YES;
				CLANG_WARN_BLOCK_CAPTURE_AUTORELEASING = YES;
				CLANG_WARN_BOOL_CONVERSION = YES;
				CLANG_WARN_COMMA = YES;
				CLANG_WARN_CONSTANT_CONVERSION = YES;
				CLANG_WARN_DEPRECATED_OBJC_IMPLEMENTATIONS = YES;
				CLANG_WARN_DIRECT_OBJC_ISA_USAGE = YES_ERROR;
				CLANG_WARN_DOCUMENTATION_COMMENTS = YES;
				CLANG_WARN_EMPTY_BODY = YES;
				CLANG_WARN_ENUM_CONVERSION = YES;
				CLANG_WARN_INFINITE_RECURSION = YES;
				CLANG_WARN_INT_CONVERSION = YES;
				CLANG_WARN_NON_LITERAL_NULL_CONVERSION = YES;
				CLANG_WARN_OBJC_IMPLICIT_RETAIN_SELF = YES;
				CLANG_WARN_OBJC_LITERAL_CONVERSION = YES;
				CLANG_WARN_OBJC_ROOT_CLASS = YES_ERROR;
				CLANG_WARN_QUOTED_INCLUDE_IN_FRAMEWORK_HEADER = YES;
				CLANG_WARN_RANGE_LOOP_ANALYSIS = YES;
				CLANG_WARN_STRICT_PROTOTYPES = YES;
				CLANG_WARN_SUSPICIOUS_MOVE = YES;
				CLANG_WARN_UNGUARDED_AVAILABILITY = YES_AGGRESSIVE;
				CLANG_WARN_UNREACHABLE_CODE = YES;
				CLANG_WARN__DUPLICATE_METHOD_MATCH = YES;
				COPY_PHASE_STRIP = NO;
				DEBUG_INFORMATION_FORMAT = "dwarf-with-dsym";
				ENABLE_NS_ASSERTIONS = NO;
				ENABLE_STRICT_OBJC_MSGSEND = YES;
				GCC_C_LANGUAGE_STANDARD = gnu11;
				GCC_NO_COMMON_BLOCKS = YES;
				GCC_WARN_64_TO_32_BIT_CONVERSION = YES;
				GCC_WARN_ABOUT_RETURN_TYPE = YES_ERROR;
				GCC_WARN_UNDECLARED_SELECTOR = YES;
				GCC_WARN_UNINITIALIZED_AUTOS = YES_AGGRESSIVE;
				GCC_WARN_UNUSED_FUNCTION = YES;
				GCC_WARN_UNUSED_VARIABLE = YES;
				IPHONEOS_DEPLOYMENT_TARGET = 15.0;
				MTL_ENABLE_DEBUG_INFO = NO;
				MTL_FAST_MATH = YES;
				SDKROOT = iphoneos;
				SWIFT_COMPILATION_MODE = wholemodule;
				SWIFT_OPTIMIZATION_LEVEL = "-O";
				VALIDATE_PRODUCT = YES;
			};
			name = Release;
		};
		41053AE3277271C900DCD312 /* Debug */ = {
			isa = XCBuildConfiguration;
			buildSettings = {
				ASSETCATALOG_COMPILER_APPICON_NAME = AppIcon;
				ASSETCATALOG_COMPILER_GLOBAL_ACCENT_COLOR_NAME = AccentColor;
				CODE_SIGN_STYLE = Automatic;
				CURRENT_PROJECT_VERSION = 1;
				DEVELOPMENT_TEAM = USYCM7BRK3;
				GENERATE_INFOPLIST_FILE = YES;
				INFOPLIST_FILE = FoursquarePlaces/Info.plist;
				INFOPLIST_KEY_NSLocationWhenInUseUsageDescription = "Your location is used to lookup nearest venues.";
				INFOPLIST_KEY_UIApplicationSupportsIndirectInputEvents = YES;
				INFOPLIST_KEY_UILaunchStoryboardName = LaunchScreen;
				INFOPLIST_KEY_UIMainStoryboardFile = Main;
				INFOPLIST_KEY_UISupportedInterfaceOrientations = UIInterfaceOrientationPortrait;
				INFOPLIST_KEY_UISupportedInterfaceOrientations_iPad = "UIInterfaceOrientationPortrait UIInterfaceOrientationPortraitUpsideDown UIInterfaceOrientationLandscapeLeft UIInterfaceOrientationLandscapeRight";
				INFOPLIST_KEY_UISupportedInterfaceOrientations_iPhone = "UIInterfaceOrientationPortrait UIInterfaceOrientationLandscapeLeft UIInterfaceOrientationLandscapeRight";
				INFOPLIST_KEY_UIUserInterfaceStyle = Light;
				IPHONEOS_DEPLOYMENT_TARGET = 13.0;
				LD_RUNPATH_SEARCH_PATHS = (
					"$(inherited)",
					"@executable_path/Frameworks",
				);
				MARKETING_VERSION = 1.0;
				PRODUCT_BUNDLE_IDENTIFIER = com.mag.FoursquarePlaces;
				PRODUCT_NAME = "$(TARGET_NAME)";
				SWIFT_EMIT_LOC_STRINGS = YES;
				SWIFT_VERSION = 5.0;
				TARGETED_DEVICE_FAMILY = 1;
			};
			name = Debug;
		};
		41053AE4277271C900DCD312 /* Release */ = {
			isa = XCBuildConfiguration;
			buildSettings = {
				ASSETCATALOG_COMPILER_APPICON_NAME = AppIcon;
				ASSETCATALOG_COMPILER_GLOBAL_ACCENT_COLOR_NAME = AccentColor;
				CODE_SIGN_STYLE = Automatic;
				CURRENT_PROJECT_VERSION = 1;
				DEVELOPMENT_TEAM = USYCM7BRK3;
				GENERATE_INFOPLIST_FILE = YES;
				INFOPLIST_FILE = FoursquarePlaces/Info.plist;
				INFOPLIST_KEY_NSLocationWhenInUseUsageDescription = "Your location is used to lookup nearest venues.";
				INFOPLIST_KEY_UIApplicationSupportsIndirectInputEvents = YES;
				INFOPLIST_KEY_UILaunchStoryboardName = LaunchScreen;
				INFOPLIST_KEY_UIMainStoryboardFile = Main;
				INFOPLIST_KEY_UISupportedInterfaceOrientations = UIInterfaceOrientationPortrait;
				INFOPLIST_KEY_UISupportedInterfaceOrientations_iPad = "UIInterfaceOrientationPortrait UIInterfaceOrientationPortraitUpsideDown UIInterfaceOrientationLandscapeLeft UIInterfaceOrientationLandscapeRight";
				INFOPLIST_KEY_UISupportedInterfaceOrientations_iPhone = "UIInterfaceOrientationPortrait UIInterfaceOrientationLandscapeLeft UIInterfaceOrientationLandscapeRight";
				INFOPLIST_KEY_UIUserInterfaceStyle = Light;
				IPHONEOS_DEPLOYMENT_TARGET = 13.0;
				LD_RUNPATH_SEARCH_PATHS = (
					"$(inherited)",
					"@executable_path/Frameworks",
				);
				MARKETING_VERSION = 1.0;
				PRODUCT_BUNDLE_IDENTIFIER = com.mag.FoursquarePlaces;
				PRODUCT_NAME = "$(TARGET_NAME)";
				SWIFT_EMIT_LOC_STRINGS = YES;
				SWIFT_VERSION = 5.0;
				TARGETED_DEVICE_FAMILY = 1;
			};
			name = Release;
		};
		41053AE6277271C900DCD312 /* Debug */ = {
			isa = XCBuildConfiguration;
			buildSettings = {
				ALWAYS_EMBED_SWIFT_STANDARD_LIBRARIES = YES;
				BUNDLE_LOADER = "$(TEST_HOST)";
				CODE_SIGN_STYLE = Automatic;
				CURRENT_PROJECT_VERSION = 1;
				DEVELOPMENT_TEAM = USYCM7BRK3;
				GENERATE_INFOPLIST_FILE = YES;
				IPHONEOS_DEPLOYMENT_TARGET = 15.0;
				LD_RUNPATH_SEARCH_PATHS = (
					"$(inherited)",
					"@executable_path/Frameworks",
					"@loader_path/Frameworks",
				);
				MARKETING_VERSION = 1.0;
				PRODUCT_BUNDLE_IDENTIFIER = com.mag.FoursquarePlacesTests;
				PRODUCT_NAME = "$(TARGET_NAME)";
				SWIFT_EMIT_LOC_STRINGS = NO;
				SWIFT_VERSION = 5.0;
				TARGETED_DEVICE_FAMILY = "1,2";
				TEST_HOST = "$(BUILT_PRODUCTS_DIR)/FoursquarePlaces.app/FoursquarePlaces";
			};
			name = Debug;
		};
		41053AE7277271C900DCD312 /* Release */ = {
			isa = XCBuildConfiguration;
			buildSettings = {
				ALWAYS_EMBED_SWIFT_STANDARD_LIBRARIES = YES;
				BUNDLE_LOADER = "$(TEST_HOST)";
				CODE_SIGN_STYLE = Automatic;
				CURRENT_PROJECT_VERSION = 1;
				DEVELOPMENT_TEAM = USYCM7BRK3;
				GENERATE_INFOPLIST_FILE = YES;
				IPHONEOS_DEPLOYMENT_TARGET = 15.0;
				LD_RUNPATH_SEARCH_PATHS = (
					"$(inherited)",
					"@executable_path/Frameworks",
					"@loader_path/Frameworks",
				);
				MARKETING_VERSION = 1.0;
				PRODUCT_BUNDLE_IDENTIFIER = com.mag.FoursquarePlacesTests;
				PRODUCT_NAME = "$(TARGET_NAME)";
				SWIFT_EMIT_LOC_STRINGS = NO;
				SWIFT_VERSION = 5.0;
				TARGETED_DEVICE_FAMILY = "1,2";
				TEST_HOST = "$(BUILT_PRODUCTS_DIR)/FoursquarePlaces.app/FoursquarePlaces";
			};
			name = Release;
		};
		41053AE9277271C900DCD312 /* Debug */ = {
			isa = XCBuildConfiguration;
			buildSettings = {
				ALWAYS_EMBED_SWIFT_STANDARD_LIBRARIES = YES;
				CODE_SIGN_STYLE = Automatic;
				CURRENT_PROJECT_VERSION = 1;
				DEVELOPMENT_TEAM = USYCM7BRK3;
				GENERATE_INFOPLIST_FILE = YES;
				LD_RUNPATH_SEARCH_PATHS = (
					"$(inherited)",
					"@executable_path/Frameworks",
					"@loader_path/Frameworks",
				);
				MARKETING_VERSION = 1.0;
				PRODUCT_BUNDLE_IDENTIFIER = com.mag.FoursquarePlacesUITests;
				PRODUCT_NAME = "$(TARGET_NAME)";
				SWIFT_EMIT_LOC_STRINGS = NO;
				SWIFT_VERSION = 5.0;
				TARGETED_DEVICE_FAMILY = "1,2";
				TEST_TARGET_NAME = FoursquarePlaces;
			};
			name = Debug;
		};
		41053AEA277271C900DCD312 /* Release */ = {
			isa = XCBuildConfiguration;
			buildSettings = {
				ALWAYS_EMBED_SWIFT_STANDARD_LIBRARIES = YES;
				CODE_SIGN_STYLE = Automatic;
				CURRENT_PROJECT_VERSION = 1;
				DEVELOPMENT_TEAM = USYCM7BRK3;
				GENERATE_INFOPLIST_FILE = YES;
				LD_RUNPATH_SEARCH_PATHS = (
					"$(inherited)",
					"@executable_path/Frameworks",
					"@loader_path/Frameworks",
				);
				MARKETING_VERSION = 1.0;
				PRODUCT_BUNDLE_IDENTIFIER = com.mag.FoursquarePlacesUITests;
				PRODUCT_NAME = "$(TARGET_NAME)";
				SWIFT_EMIT_LOC_STRINGS = NO;
				SWIFT_VERSION = 5.0;
				TARGETED_DEVICE_FAMILY = "1,2";
				TEST_TARGET_NAME = FoursquarePlaces;
			};
			name = Release;
		};
/* End XCBuildConfiguration section */

/* Begin XCConfigurationList section */
		41053AB3277271C000DCD312 /* Build configuration list for PBXProject "FoursquarePlaces" */ = {
			isa = XCConfigurationList;
			buildConfigurations = (
				41053AE0277271C900DCD312 /* Debug */,
				41053AE1277271C900DCD312 /* Release */,
			);
			defaultConfigurationIsVisible = 0;
			defaultConfigurationName = Release;
		};
		41053AE2277271C900DCD312 /* Build configuration list for PBXNativeTarget "FoursquarePlaces" */ = {
			isa = XCConfigurationList;
			buildConfigurations = (
				41053AE3277271C900DCD312 /* Debug */,
				41053AE4277271C900DCD312 /* Release */,
			);
			defaultConfigurationIsVisible = 0;
			defaultConfigurationName = Release;
		};
		41053AE5277271C900DCD312 /* Build configuration list for PBXNativeTarget "FoursquarePlacesTests" */ = {
			isa = XCConfigurationList;
			buildConfigurations = (
				41053AE6277271C900DCD312 /* Debug */,
				41053AE7277271C900DCD312 /* Release */,
			);
			defaultConfigurationIsVisible = 0;
			defaultConfigurationName = Release;
		};
		41053AE8277271C900DCD312 /* Build configuration list for PBXNativeTarget "FoursquarePlacesUITests" */ = {
			isa = XCConfigurationList;
			buildConfigurations = (
				41053AE9277271C900DCD312 /* Debug */,
				41053AEA277271C900DCD312 /* Release */,
			);
			defaultConfigurationIsVisible = 0;
			defaultConfigurationName = Release;
		};
/* End XCConfigurationList section */

/* Begin XCVersionGroup section */
		41410AAF2775263500593646 /* FoursquarePlaces.xcdatamodeld */ = {
			isa = XCVersionGroup;
			children = (
				41410AB02775263500593646 /* FoursquarePlaces.xcdatamodel */,
			);
			currentVersion = 41410AB02775263500593646 /* FoursquarePlaces.xcdatamodel */;
			path = FoursquarePlaces.xcdatamodeld;
			sourceTree = "<group>";
			versionGroupType = wrapper.xcdatamodel;
		};
/* End XCVersionGroup section */
	};
	rootObject = 41053AB0277271C000DCD312 /* Project object */;
}
